
Microsoft Visual Studio Solution File, Format Version 12.00
Project("{FAE04EC0-301F-11D3-BF4B-00C04F79EFBC}") = "StoreManagement.Domain", "StoreManagement.Domain\StoreManagement.Domain.csproj", "{E3E087D2-DB50-402F-B07D-96DEEF7D1728}"
EndProject
Project("{FAE04EC0-301F-11D3-BF4B-00C04F79EFBC}") = "StoreManagement.Infrastructure", "StoreManagement.Infrastructure\StoreManagement.Infrastructure.csproj", "{6E3BF878-FA22-4345-9DDC-71908B3E3441}"
EndProject
Project("{FAE04EC0-301F-11D3-BF4B-00C04F79EFBC}") = "StoreManagement.Application", "StoreManagement.Application\StoreManagement.Application.csproj", "{868A0EF3-AD8B-4B7A-AF31-5EDCB42C4C84}"
EndProject
Global
	GlobalSection(SolutionConfigurationPlatforms) = preSolution
		Debug|Any CPU = Debug|Any CPU
		Release|Any CPU = Release|Any CPU
	EndGlobalSection
	GlobalSection(ProjectConfigurationPlatforms) = postSolution
		{E3E087D2-DB50-402F-B07D-96DEEF7D1728}.Debug|Any CPU.ActiveCfg = Debug|Any CPU
		{E3E087D2-DB50-402F-B07D-96DEEF7D1728}.Debug|Any CPU.Build.0 = Debug|Any CPU
		{E3E087D2-DB50-402F-B07D-96DEEF7D1728}.Release|Any CPU.ActiveCfg = Release|Any CPU
		{E3E087D2-DB50-402F-B07D-96DEEF7D1728}.Release|Any CPU.Build.0 = Release|Any CPU
		{6E3BF878-FA22-4345-9DDC-71908B3E3441}.Debug|Any CPU.ActiveCfg = Debug|Any CPU
		{6E3BF878-FA22-4345-9DDC-71908B3E3441}.Debug|Any CPU.Build.0 = Debug|Any CPU
		{6E3BF878-FA22-4345-9DDC-71908B3E3441}.Release|Any CPU.ActiveCfg = Release|Any CPU
		{6E3BF878-FA22-4345-9DDC-71908B3E3441}.Release|Any CPU.Build.0 = Release|Any CPU
		{868A0EF3-AD8B-4B7A-AF31-5EDCB42C4C84}.Debug|Any CPU.ActiveCfg = Debug|Any CPU
		{868A0EF3-AD8B-4B7A-AF31-5EDCB42C4C84}.Debug|Any CPU.Build.0 = Debug|Any CPU
		{868A0EF3-AD8B-4B7A-AF31-5EDCB42C4C84}.Release|Any CPU.ActiveCfg = Release|Any CPU
		{868A0EF3-AD8B-4B7A-AF31-5EDCB42C4C84}.Release|Any CPU.Build.0 = Release|Any CPU
	EndGlobalSection
EndGlobal
